{
    "version": 3,
    "terraform_version": "0.11.8",
    "serial": 4,
    "lineage": "014a7615-eeec-1b71-9d66-d884cc2e7920",
    "modules": [
        {
            "path": [
                "root"
            ],
            "outputs": {
                "AWS ICP address": {
                    "sensitive": false,
                    "type": "string",
                    "value": "https://ec2-18-196-102-118.eu-central-1.compute.amazonaws.com:8443"
                }
            },
            "resources": {
                "aws_instance.icp_master": {
                    "type": "aws_instance",
                    "depends_on": [
                        "aws_key_pair.temp_public_key",
                        "aws_route_table_association.primary",
                        "aws_security_group.application",
                        "aws_subnet.primary",
                        "data.aws_ami.aws_ami",
                        "tls_private_key.ssh"
                    ],
                    "primary": {
                        "id": "i-0ae7f4360278865eb",
                        "attributes": {
                            "ami": "ami-0cfc1cd9ab351357c",
                            "arn": "arn:aws:ec2:eu-central-1:981264087796:instance/i-0ae7f4360278865eb",
                            "associate_public_ip_address": "true",
                            "availability_zone": "eu-central-1b",
                            "cpu_core_count": "4",
                            "cpu_threads_per_core": "2",
                            "credit_specification.#": "1",
                            "credit_specification.0.cpu_credits": "standard",
                            "disable_api_termination": "false",
                            "ebs_block_device.#": "0",
                            "ebs_optimized": "false",
                            "ephemeral_block_device.#": "0",
                            "get_password_data": "false",
                            "iam_instance_profile": "",
                            "id": "i-0ae7f4360278865eb",
                            "instance_state": "running",
                            "instance_type": "m5.2xlarge",
                            "ipv6_addresses.#": "0",
                            "key_name": "cam-public-key-icp-temp",
                            "monitoring": "false",
                            "network_interface.#": "0",
                            "network_interface_id": "eni-0c83f1e5806ee07a7",
                            "password_data": "",
                            "placement_group": "",
                            "primary_network_interface_id": "eni-0c83f1e5806ee07a7",
                            "private_dns": "ip-10-0-1-6.eu-central-1.compute.internal",
                            "private_ip": "10.0.1.6",
                            "public_dns": "ec2-18-196-102-118.eu-central-1.compute.amazonaws.com",
                            "public_ip": "18.196.102.118",
                            "root_block_device.#": "1",
                            "root_block_device.0.delete_on_termination": "true",
                            "root_block_device.0.iops": "0",
                            "root_block_device.0.volume_id": "vol-0cc85c3b129221820",
                            "root_block_device.0.volume_size": "250",
                            "root_block_device.0.volume_type": "standard",
                            "security_groups.#": "0",
                            "source_dest_check": "true",
                            "subnet_id": "subnet-0a5cad9d1a5994b7a",
                            "tags.%": "1",
                            "tags.Name": "mycluster.icp_master",
                            "tenancy": "default",
                            "volume_tags.%": "0",
                            "vpc_security_group_ids.#": "1",
                            "vpc_security_group_ids.3717401916": "sg-0595a7894913f79cc"
                        },
                        "meta": {
                            "e2bfb730-ecaa-11e6-8f88-34363bc7c4c0": {
                                "create": 600000000000,
                                "delete": 1200000000000,
                                "update": 600000000000
                            },
                            "schema_version": "1"
                        },
                        "tainted": false
                    },
                    "deposed": [],
                    "provider": "provider.aws"
                },
                "aws_instance.icp_server": {
                    "type": "aws_instance",
                    "depends_on": [
                        "aws_instance.icp_master",
                        "aws_instance.icp_worker",
                        "aws_key_pair.temp_public_key",
                        "aws_route_table_association.primary",
                        "aws_security_group.application",
                        "aws_subnet.primary",
                        "data.aws_ami.aws_ami",
                        "tls_private_key.ssh"
                    ],
                    "primary": {
                        "id": "i-0e3c9d88695abec6b",
                        "attributes": {
                            "ami": "ami-0cfc1cd9ab351357c",
                            "arn": "arn:aws:ec2:eu-central-1:981264087796:instance/i-0e3c9d88695abec6b",
                            "associate_public_ip_address": "true",
                            "availability_zone": "eu-central-1b",
                            "cpu_core_count": "1",
                            "cpu_threads_per_core": "2",
                            "credit_specification.#": "1",
                            "credit_specification.0.cpu_credits": "standard",
                            "disable_api_termination": "false",
                            "ebs_block_device.#": "0",
                            "ebs_optimized": "false",
                            "ephemeral_block_device.#": "0",
                            "get_password_data": "false",
                            "iam_instance_profile": "",
                            "id": "i-0e3c9d88695abec6b",
                            "instance_state": "running",
                            "instance_type": "m5.large",
                            "ipv6_addresses.#": "0",
                            "key_name": "cam-public-key-icp-temp",
                            "monitoring": "false",
                            "network_interface.#": "0",
                            "network_interface_id": "eni-0a51ea9a62b983a6b",
                            "password_data": "",
                            "placement_group": "",
                            "primary_network_interface_id": "eni-0a51ea9a62b983a6b",
                            "private_dns": "ip-10-0-1-201.eu-central-1.compute.internal",
                            "private_ip": "10.0.1.201",
                            "public_dns": "ec2-52-29-253-233.eu-central-1.compute.amazonaws.com",
                            "public_ip": "52.29.253.233",
                            "root_block_device.#": "1",
                            "root_block_device.0.delete_on_termination": "true",
                            "root_block_device.0.iops": "0",
                            "root_block_device.0.volume_id": "vol-0056fd7b389483669",
                            "root_block_device.0.volume_size": "250",
                            "root_block_device.0.volume_type": "standard",
                            "security_groups.#": "0",
                            "source_dest_check": "true",
                            "subnet_id": "subnet-0a5cad9d1a5994b7a",
                            "tags.%": "1",
                            "tags.Name": "mycluster.icp",
                            "tenancy": "default",
                            "volume_tags.%": "0",
                            "vpc_security_group_ids.#": "1",
                            "vpc_security_group_ids.3717401916": "sg-0595a7894913f79cc"
                        },
                        "meta": {
                            "e2bfb730-ecaa-11e6-8f88-34363bc7c4c0": {
                                "create": 600000000000,
                                "delete": 1200000000000,
                                "update": 600000000000
                            },
                            "schema_version": "1"
                        },
                        "tainted": false
                    },
                    "deposed": [],
                    "provider": "provider.aws"
                },
                "aws_instance.icp_worker": {
                    "type": "aws_instance",
                    "depends_on": [
                        "aws_key_pair.temp_public_key",
                        "aws_route_table_association.primary",
                        "aws_security_group.application",
                        "aws_subnet.primary",
                        "data.aws_ami.aws_ami",
                        "tls_private_key.ssh"
                    ],
                    "primary": {
                        "id": "i-0778746a841778198",
                        "attributes": {
                            "ami": "ami-0cfc1cd9ab351357c",
                            "arn": "arn:aws:ec2:eu-central-1:981264087796:instance/i-0778746a841778198",
                            "associate_public_ip_address": "true",
                            "availability_zone": "eu-central-1b",
                            "cpu_core_count": "4",
                            "cpu_threads_per_core": "2",
                            "credit_specification.#": "1",
                            "credit_specification.0.cpu_credits": "standard",
                            "disable_api_termination": "false",
                            "ebs_block_device.#": "0",
                            "ebs_optimized": "false",
                            "ephemeral_block_device.#": "0",
                            "get_password_data": "false",
                            "iam_instance_profile": "",
                            "id": "i-0778746a841778198",
                            "instance_state": "running",
                            "instance_type": "m5.2xlarge",
                            "ipv6_addresses.#": "0",
                            "key_name": "cam-public-key-icp-temp",
                            "monitoring": "false",
                            "network_interface.#": "0",
                            "network_interface_id": "eni-01c9e72f9e18bbe30",
                            "password_data": "",
                            "placement_group": "",
                            "primary_network_interface_id": "eni-01c9e72f9e18bbe30",
                            "private_dns": "ip-10-0-1-212.eu-central-1.compute.internal",
                            "private_ip": "10.0.1.212",
                            "public_dns": "ec2-18-184-70-122.eu-central-1.compute.amazonaws.com",
                            "public_ip": "18.184.70.122",
                            "root_block_device.#": "1",
                            "root_block_device.0.delete_on_termination": "true",
                            "root_block_device.0.iops": "0",
                            "root_block_device.0.volume_id": "vol-053fe4922d78e427d",
                            "root_block_device.0.volume_size": "250",
                            "root_block_device.0.volume_type": "standard",
                            "security_groups.#": "0",
                            "source_dest_check": "true",
                            "subnet_id": "subnet-0a5cad9d1a5994b7a",
                            "tags.%": "1",
                            "tags.Name": "mycluster.icp_worker",
                            "tenancy": "default",
                            "volume_tags.%": "0",
                            "vpc_security_group_ids.#": "1",
                            "vpc_security_group_ids.3717401916": "sg-0595a7894913f79cc"
                        },
                        "meta": {
                            "e2bfb730-ecaa-11e6-8f88-34363bc7c4c0": {
                                "create": 600000000000,
                                "delete": 1200000000000,
                                "update": 600000000000
                            },
                            "schema_version": "1"
                        },
                        "tainted": false
                    },
                    "deposed": [],
                    "provider": "provider.aws"
                },
                "aws_internet_gateway.default": {
                    "type": "aws_internet_gateway",
                    "depends_on": [
                        "aws_vpc.default"
                    ],
                    "primary": {
                        "id": "igw-051f3c55866a6911b",
                        "attributes": {
                            "id": "igw-051f3c55866a6911b",
                            "tags.%": "1",
                            "tags.Name": "opencontent-icp-gateway",
                            "vpc_id": "vpc-09e3772bc4bf10fb0"
                        },
                        "meta": {},
                        "tainted": false
                    },
                    "deposed": [],
                    "provider": "provider.aws"
                },
                "aws_key_pair.cam_public_key": {
                    "type": "aws_key_pair",
                    "depends_on": [],
                    "primary": {
                        "id": "cam-public-key-icp",
                        "attributes": {
                            "fingerprint": "19:76:4d:b9:ac:99:e6:7a:4c:cd:94:f4:a5:e3:f5:e7",
                            "id": "cam-public-key-icp",
                            "key_name": "cam-public-key-icp",
                            "public_key": "ssh-rsa AAAAB3NzaC1yc2EAAAADAQABAAABAQCdySLWE+d+H6CVtp+IfGbzp++cOaErsuRzIyfscXMjo/U/+y8262ajMHFBI3fBzDxy11N6lAL0Li63lTfddx+rnIJ3hUF/4tN7oj2mXziMZ5+wOr7CTLvsceM9b//HFVAIWW+sxqiQTu/Q5TU6PX1zbVi737baOSyvyRCjhVmRFQZRePhYmZJ4BjspfSYczEQJefeO3twfFRqB9Ep7hQklmwNFlFsEJDljiXg4yEy6ODN0BynfkaZrdE+dtzzipANS2mK2ZBffHk+XX3czwlCdSzwXuxoH/2KEuwpyXi0i+amVGSZUXEI5ATn+46aR9yEfJUwVtgw772I3NGR64CAj ruusnak@LAPTOP-EVVLJMEL"
                        },
                        "meta": {
                            "schema_version": "1"
                        },
                        "tainted": false
                    },
                    "deposed": [],
                    "provider": "provider.aws"
                },
                "aws_key_pair.temp_public_key": {
                    "type": "aws_key_pair",
                    "depends_on": [
                        "tls_private_key.ssh"
                    ],
                    "primary": {
                        "id": "cam-public-key-icp-temp",
                        "attributes": {
                            "fingerprint": "48:e1:63:a4:cc:b5:89:c5:a1:ff:54:a7:a3:bb:fa:e5",
                            "id": "cam-public-key-icp-temp",
                            "key_name": "cam-public-key-icp-temp",
                            "public_key": "ssh-rsa AAAAB3NzaC1yc2EAAAADAQABAAABAQC1Qel5YfivC3Gpvi4dIPpTp0o9pBZDYuOHrCjkkJiUxalJKmSudBNv+EY3otGSbXdc9Y41lWNlhiZyORdHrK/WEiLXMvJvt+Xr24eRE9GVHywoptNXO42NpwLq8W9rHsLV8VvrdOKgE7KTSW1yJJf/2ZmrSUmFwVkcQcst0zGxTTPKeRIjWuTgL/72bz2UlTg/Xb7nbAvuUf5uhodSN2spBeMEsoSExSCFadESqZY0XNiWv78rDMgE4Uh4NWoUl/bQ9YB+gzrZFu9rLwKnShlfOK3ZGidmmGCrnJwBIqgwyOuXmUWbcVKdD1vbHTnwtDZue+b+Hlk1JsF2rGeAu7vt"
                        },
                        "meta": {
                            "schema_version": "1"
                        },
                        "tainted": false
                    },
                    "deposed": [],
                    "provider": "provider.aws"
                },
                "aws_route_table.default": {
                    "type": "aws_route_table",
                    "depends_on": [
                        "aws_internet_gateway.default",
                        "aws_vpc.default"
                    ],
                    "primary": {
                        "id": "rtb-01959fd66c39582c3",
                        "attributes": {
                            "id": "rtb-01959fd66c39582c3",
                            "propagating_vgws.#": "0",
                            "route.#": "1",
                            "route.3112981619.cidr_block": "0.0.0.0/0",
                            "route.3112981619.egress_only_gateway_id": "",
                            "route.3112981619.gateway_id": "igw-051f3c55866a6911b",
                            "route.3112981619.instance_id": "",
                            "route.3112981619.ipv6_cidr_block": "",
                            "route.3112981619.nat_gateway_id": "",
                            "route.3112981619.network_interface_id": "",
                            "route.3112981619.transit_gateway_id": "",
                            "route.3112981619.vpc_peering_connection_id": "",
                            "tags.%": "1",
                            "tags.Name": "opencontent-icp-route-table",
                            "vpc_id": "vpc-09e3772bc4bf10fb0"
                        },
                        "meta": {},
                        "tainted": false
                    },
                    "deposed": [],
                    "provider": "provider.aws"
                },
                "aws_route_table_association.primary": {
                    "type": "aws_route_table_association",
                    "depends_on": [
                        "aws_route_table.default",
                        "aws_subnet.primary"
                    ],
                    "primary": {
                        "id": "rtbassoc-04955429cbf35e230",
                        "attributes": {
                            "id": "rtbassoc-04955429cbf35e230",
                            "route_table_id": "rtb-01959fd66c39582c3",
                            "subnet_id": "subnet-0a5cad9d1a5994b7a"
                        },
                        "meta": {},
                        "tainted": false
                    },
                    "deposed": [],
                    "provider": "provider.aws"
                },
                "aws_security_group.application": {
                    "type": "aws_security_group",
                    "depends_on": [
                        "aws_vpc.default"
                    ],
                    "primary": {
                        "id": "sg-0595a7894913f79cc",
                        "attributes": {
                            "arn": "arn:aws:ec2:eu-central-1:981264087796:security-group/sg-0595a7894913f79cc",
                            "description": "Security group which applies to icp server",
                            "egress.#": "1",
                            "egress.482069346.cidr_blocks.#": "1",
                            "egress.482069346.cidr_blocks.0": "0.0.0.0/0",
                            "egress.482069346.description": "",
                            "egress.482069346.from_port": "0",
                            "egress.482069346.ipv6_cidr_blocks.#": "0",
                            "egress.482069346.prefix_list_ids.#": "0",
                            "egress.482069346.protocol": "-1",
                            "egress.482069346.security_groups.#": "0",
                            "egress.482069346.self": "false",
                            "egress.482069346.to_port": "0",
                            "id": "sg-0595a7894913f79cc",
                            "ingress.#": "12",
                            "ingress.1786175764.cidr_blocks.#": "1",
                            "ingress.1786175764.cidr_blocks.0": "0.0.0.0/0",
                            "ingress.1786175764.description": "",
                            "ingress.1786175764.from_port": "8001",
                            "ingress.1786175764.ipv6_cidr_blocks.#": "0",
                            "ingress.1786175764.prefix_list_ids.#": "0",
                            "ingress.1786175764.protocol": "tcp",
                            "ingress.1786175764.security_groups.#": "0",
                            "ingress.1786175764.self": "false",
                            "ingress.1786175764.to_port": "8001",
                            "ingress.1799340084.cidr_blocks.#": "1",
                            "ingress.1799340084.cidr_blocks.0": "0.0.0.0/0",
                            "ingress.1799340084.description": "",
                            "ingress.1799340084.from_port": "-1",
                            "ingress.1799340084.ipv6_cidr_blocks.#": "0",
                            "ingress.1799340084.prefix_list_ids.#": "0",
                            "ingress.1799340084.protocol": "icmp",
                            "ingress.1799340084.security_groups.#": "0",
                            "ingress.1799340084.self": "false",
                            "ingress.1799340084.to_port": "-1",
                            "ingress.2214680975.cidr_blocks.#": "1",
                            "ingress.2214680975.cidr_blocks.0": "0.0.0.0/0",
                            "ingress.2214680975.description": "",
                            "ingress.2214680975.from_port": "80",
                            "ingress.2214680975.ipv6_cidr_blocks.#": "0",
                            "ingress.2214680975.prefix_list_ids.#": "0",
                            "ingress.2214680975.protocol": "tcp",
                            "ingress.2214680975.security_groups.#": "0",
                            "ingress.2214680975.self": "false",
                            "ingress.2214680975.to_port": "80",
                            "ingress.2510676008.cidr_blocks.#": "1",
                            "ingress.2510676008.cidr_blocks.0": "0.0.0.0/0",
                            "ingress.2510676008.description": "",
                            "ingress.2510676008.from_port": "0",
                            "ingress.2510676008.ipv6_cidr_blocks.#": "0",
                            "ingress.2510676008.prefix_list_ids.#": "0",
                            "ingress.2510676008.protocol": "-1",
                            "ingress.2510676008.security_groups.#": "0",
                            "ingress.2510676008.self": "true",
                            "ingress.2510676008.to_port": "0",
                            "ingress.2541437006.cidr_blocks.#": "1",
                            "ingress.2541437006.cidr_blocks.0": "0.0.0.0/0",
                            "ingress.2541437006.description": "",
                            "ingress.2541437006.from_port": "22",
                            "ingress.2541437006.ipv6_cidr_blocks.#": "0",
                            "ingress.2541437006.prefix_list_ids.#": "0",
                            "ingress.2541437006.protocol": "tcp",
                            "ingress.2541437006.security_groups.#": "0",
                            "ingress.2541437006.self": "false",
                            "ingress.2541437006.to_port": "22",
                            "ingress.2617001939.cidr_blocks.#": "1",
                            "ingress.2617001939.cidr_blocks.0": "0.0.0.0/0",
                            "ingress.2617001939.description": "",
                            "ingress.2617001939.from_port": "443",
                            "ingress.2617001939.ipv6_cidr_blocks.#": "0",
                            "ingress.2617001939.prefix_list_ids.#": "0",
                            "ingress.2617001939.protocol": "tcp",
                            "ingress.2617001939.security_groups.#": "0",
                            "ingress.2617001939.self": "false",
                            "ingress.2617001939.to_port": "443",
                            "ingress.2715662207.cidr_blocks.#": "1",
                            "ingress.2715662207.cidr_blocks.0": "0.0.0.0/0",
                            "ingress.2715662207.description": "",
                            "ingress.2715662207.from_port": "8443",
                            "ingress.2715662207.ipv6_cidr_blocks.#": "0",
                            "ingress.2715662207.prefix_list_ids.#": "0",
                            "ingress.2715662207.protocol": "tcp",
                            "ingress.2715662207.security_groups.#": "0",
                            "ingress.2715662207.self": "false",
                            "ingress.2715662207.to_port": "8443",
                            "ingress.3482902040.cidr_blocks.#": "1",
                            "ingress.3482902040.cidr_blocks.0": "0.0.0.0/0",
                            "ingress.3482902040.description": "",
                            "ingress.3482902040.from_port": "8500",
                            "ingress.3482902040.ipv6_cidr_blocks.#": "0",
                            "ingress.3482902040.prefix_list_ids.#": "0",
                            "ingress.3482902040.protocol": "tcp",
                            "ingress.3482902040.security_groups.#": "0",
                            "ingress.3482902040.self": "false",
                            "ingress.3482902040.to_port": "8500",
                            "ingress.433339597.cidr_blocks.#": "1",
                            "ingress.433339597.cidr_blocks.0": "0.0.0.0/0",
                            "ingress.433339597.description": "",
                            "ingress.433339597.from_port": "8888",
                            "ingress.433339597.ipv6_cidr_blocks.#": "0",
                            "ingress.433339597.prefix_list_ids.#": "0",
                            "ingress.433339597.protocol": "tcp",
                            "ingress.433339597.security_groups.#": "0",
                            "ingress.433339597.self": "false",
                            "ingress.433339597.to_port": "8888",
                            "ingress.516175195.cidr_blocks.#": "1",
                            "ingress.516175195.cidr_blocks.0": "0.0.0.0/0",
                            "ingress.516175195.description": "",
                            "ingress.516175195.from_port": "8080",
                            "ingress.516175195.ipv6_cidr_blocks.#": "0",
                            "ingress.516175195.prefix_list_ids.#": "0",
                            "ingress.516175195.protocol": "tcp",
                            "ingress.516175195.security_groups.#": "0",
                            "ingress.516175195.self": "false",
                            "ingress.516175195.to_port": "8080",
                            "ingress.848174172.cidr_blocks.#": "1",
                            "ingress.848174172.cidr_blocks.0": "0.0.0.0/0",
                            "ingress.848174172.description": "",
                            "ingress.848174172.from_port": "8600",
                            "ingress.848174172.ipv6_cidr_blocks.#": "0",
                            "ingress.848174172.prefix_list_ids.#": "0",
                            "ingress.848174172.protocol": "tcp",
                            "ingress.848174172.security_groups.#": "0",
                            "ingress.848174172.self": "false",
                            "ingress.848174172.to_port": "8600",
                            "ingress.943113337.cidr_blocks.#": "1",
                            "ingress.943113337.cidr_blocks.0": "0.0.0.0/0",
                            "ingress.943113337.description": "",
                            "ingress.943113337.from_port": "9443",
                            "ingress.943113337.ipv6_cidr_blocks.#": "0",
                            "ingress.943113337.prefix_list_ids.#": "0",
                            "ingress.943113337.protocol": "tcp",
                            "ingress.943113337.security_groups.#": "0",
                            "ingress.943113337.self": "false",
                            "ingress.943113337.to_port": "9443",
                            "name": "opencontent-icp-security-group-app",
                            "owner_id": "981264087796",
                            "revoke_rules_on_delete": "false",
                            "tags.%": "1",
                            "tags.Name": "opencontent-icp-security-group-application",
                            "vpc_id": "vpc-09e3772bc4bf10fb0"
                        },
                        "meta": {
                            "e2bfb730-ecaa-11e6-8f88-34363bc7c4c0": {
                                "create": 600000000000,
                                "delete": 600000000000
                            },
                            "schema_version": "1"
                        },
                        "tainted": false
                    },
                    "deposed": [],
                    "provider": "provider.aws"
                },
                "aws_subnet.primary": {
                    "type": "aws_subnet",
                    "depends_on": [
                        "aws_vpc.default"
                    ],
                    "primary": {
                        "id": "subnet-0a5cad9d1a5994b7a",
                        "attributes": {
                            "arn": "arn:aws:ec2:eu-central-1:981264087796:subnet/subnet-0a5cad9d1a5994b7a",
                            "assign_ipv6_address_on_creation": "false",
                            "availability_zone": "eu-central-1b",
                            "cidr_block": "10.0.1.0/24",
                            "id": "subnet-0a5cad9d1a5994b7a",
                            "ipv6_cidr_block": "",
                            "ipv6_cidr_block_association_id": "",
                            "map_public_ip_on_launch": "false",
                            "tags.%": "1",
                            "tags.Name": "opencontent-icp-subnet",
                            "vpc_id": "vpc-09e3772bc4bf10fb0"
                        },
                        "meta": {
                            "e2bfb730-ecaa-11e6-8f88-34363bc7c4c0": {
                                "create": 600000000000,
                                "delete": 600000000000
                            },
                            "schema_version": "1"
                        },
                        "tainted": false
                    },
                    "deposed": [],
                    "provider": "provider.aws"
                },
                "aws_vpc.default": {
                    "type": "aws_vpc",
                    "depends_on": [],
                    "primary": {
                        "id": "vpc-09e3772bc4bf10fb0",
                        "attributes": {
                            "arn": "arn:aws:ec2:eu-central-1:981264087796:vpc/vpc-09e3772bc4bf10fb0",
                            "assign_generated_ipv6_cidr_block": "false",
                            "cidr_block": "10.0.0.0/16",
                            "default_network_acl_id": "acl-048accee6ce4b39cf",
                            "default_route_table_id": "rtb-0db86b12577b7bf7f",
                            "default_security_group_id": "sg-0d59ca1d23b795bd0",
                            "dhcp_options_id": "dopt-82ce92ea",
                            "enable_dns_hostnames": "true",
                            "enable_dns_support": "true",
                            "id": "vpc-09e3772bc4bf10fb0",
                            "instance_tenancy": "default",
                            "ipv6_association_id": "",
                            "ipv6_cidr_block": "",
                            "main_route_table_id": "rtb-0db86b12577b7bf7f",
                            "tags.%": "1",
                            "tags.Name": "opencontent-icp-vpc"
                        },
                        "meta": {
                            "schema_version": "1"
                        },
                        "tainted": false
                    },
                    "deposed": [],
                    "provider": "provider.aws"
                },
                "data.aws_ami.aws_ami": {
                    "type": "aws_ami",
                    "depends_on": [],
                    "primary": {
                        "id": "ami-0cfc1cd9ab351357c",
                        "attributes": {
                            "architecture": "x86_64",
                            "block_device_mappings.#": "3",
                            "block_device_mappings.1634610537.device_name": "/dev/sdb",
                            "block_device_mappings.1634610537.ebs.%": "0",
                            "block_device_mappings.1634610537.no_device": "",
                            "block_device_mappings.1634610537.virtual_name": "ephemeral0",
                            "block_device_mappings.2547816212.device_name": "/dev/sda1",
                            "block_device_mappings.2547816212.ebs.%": "6",
                            "block_device_mappings.2547816212.ebs.delete_on_termination": "true",
                            "block_device_mappings.2547816212.ebs.encrypted": "false",
                            "block_device_mappings.2547816212.ebs.iops": "0",
                            "block_device_mappings.2547816212.ebs.snapshot_id": "snap-0663820fbd1fee92c",
                            "block_device_mappings.2547816212.ebs.volume_size": "8",
                            "block_device_mappings.2547816212.ebs.volume_type": "gp2",
                            "block_device_mappings.2547816212.no_device": "",
                            "block_device_mappings.2547816212.virtual_name": "",
                            "block_device_mappings.3850042718.device_name": "/dev/sdc",
                            "block_device_mappings.3850042718.ebs.%": "0",
                            "block_device_mappings.3850042718.no_device": "",
                            "block_device_mappings.3850042718.virtual_name": "ephemeral1",
                            "creation_date": "2018-11-21T01:46:44.000Z",
                            "description": "Canonical, Ubuntu, 16.04 LTS, amd64 xenial image build on 2018-11-14",
                            "filter.#": "1",
                            "filter.1360640001.name": "name",
                            "filter.1360640001.values.#": "1",
                            "filter.1360640001.values.0": "ubuntu/images/hvm-ssd/ubuntu-xenial-16.04-amd64-server-**",
                            "hypervisor": "xen",
                            "id": "ami-0cfc1cd9ab351357c",
                            "image_id": "ami-0cfc1cd9ab351357c",
                            "image_location": "099720109477/ubuntu/images/hvm-ssd/ubuntu-xenial-16.04-amd64-server-20181114",
                            "image_type": "machine",
                            "most_recent": "true",
                            "name": "ubuntu/images/hvm-ssd/ubuntu-xenial-16.04-amd64-server-20181114",
                            "owner_id": "099720109477",
                            "owners.#": "1",
                            "owners.0": "099720109477",
                            "product_codes.#": "0",
                            "public": "true",
                            "root_device_name": "/dev/sda1",
                            "root_device_type": "ebs",
                            "root_snapshot_id": "snap-0663820fbd1fee92c",
                            "sriov_net_support": "simple",
                            "state": "available",
                            "state_reason.%": "2",
                            "state_reason.code": "UNSET",
                            "state_reason.message": "UNSET",
                            "tags.%": "0",
                            "virtualization_type": "hvm"
                        },
                        "meta": {},
                        "tainted": false
                    },
                    "deposed": [],
                    "provider": "provider.aws"
                },
                "tls_private_key.ssh": {
                    "type": "tls_private_key",
                    "depends_on": [],
                    "primary": {
                        "id": "d6ef1b6cb23d4d9a186f5c24ce57d1023654a1ce",
                        "attributes": {
                            "algorithm": "RSA",
                            "ecdsa_curve": "P224",
                            "id": "d6ef1b6cb23d4d9a186f5c24ce57d1023654a1ce",
                            "private_key_pem": "-----BEGIN RSA PRIVATE KEY-----\nMIIEowIBAAKCAQEAtUHpeWH4rwtxqb4uHSD6U6dKPaQWQ2Ljh6wo5JCYlMWpSSpk\nrnQTb/hGN6LRkm13XPWONZVjZYYmcjkXR6yv1hIi1zLyb7fl69uHkRPRlR8sKKbT\nVzuNjacC6vFvax7C1fFb63TioBOyk0ltciSX/9mZq0lJhcFZHEHLLdMxsU0zynkS\nI1rk4C/+9m89lJU4P12+52wL7lH+boaHUjdrKQXjBLKEhMUghWnREqmWNFzYlr+/\nKwzIBOFIeDVqFJf20PWAfoM62Rbvay8Cp0oZXzit2RonZphgq5ycASKoMMjrl5lF\nm3FSnQ9b2x058LQ2bnvm/h5ZNSbBdqxngLu77QIDAQABAoIBABulbgMBmni4eiG1\nzDrNKOFRhtVYDb1BfArZi3MxStSGQYfTW3/wXHabm7oor2ZyI96d5Y7utjZp+7s4\nUgCwqjEwmvfP4YKAviT3WvoZ18Gy+31H1LxdbP3KF3vWT3Q7QOR459hF/7sCxh4I\n+RSL2FNB0Vp61yf7kafpsR/QMqgkKKe9Seyo3ZwGMyx1nbofL6AGAuK0PuBnzPRF\nFuKp0XuaRlYS/nQMO3doz/V6Hbs6auc1qP5ytkvCGuDq4OSZSc7T8xUyYCbAKNyn\nITBOyZ6wbYhxuwNoiKeXoAxmnTNZe5rAGYXLLGbRowlMYUIfWTMvply6ws4ojpOY\nni9zhQECgYEA2Dm+21o1E16b812FjmxTJeeZYMNCqkaJKlH4WVnDRN4b1bVl/bNi\n6ptpX5uwRFxDeNCfU0URE/0FhRw6Gd+8xAw3t3ehMmQPOTT614jA4aKfTAfXl1Dv\nj3g0FoBAawvmmPzqXgMLLbaJkwXImo0GoGKxvyE5g79fJQN2eF3d0x0CgYEA1pl8\nzysChURtCSxOH3B0ofw+0AmMmzXnbHCBMPKYt563mfPI+pnKtnyWbthXle7WUrjl\nt7OxNahfiYFT4N3T9z9RdMqCAuWAmh9B2S5QAZws5DPTvE9YZj/L5gCPOHvj4tXM\nmwX+NngkNpMrK8WYmmLXvZ8yFhOoWQo6tAam4xECgYEAy6AmAsDC9wjD6L4MBoIx\nE6M1qBB6eYyPpBEpxktoPzTEFdAMyozi/Hl7FJSzvMz+pYoiYPLMEHzZc++PL8qq\nJB41YkwAvEnKpF8mU0/wBQ124s0H1PJdiEj1FLOW9rhwY2ba98n5/wTGLnTl49Yn\nhWcsaQhK962DVoIaUWRkgGkCgYBqC0S6ltVTB4Id80/Th12LIjvjz6Q0mol2c43T\noz3GFt9Ba09YTqD2VlB8C9oUFAbCr+2MPnaGPmKfb1IEn3l8B0T4Qo3GYqSPBH0k\nlhchBIzGY7nwpwDW3hWi3Ynobogo8l9+B5McVXgHo+fEZItJVyim4kD82c/p1/00\nMslLEQKBgAxPyfI5GurVM6JkujXHwZiiq7x9ZCj42LPHFFcFcuphxgvnI4/m70yX\nka9k3FuP0RDjlV8B6g1P2fns4prWVo1eZaFUrhsRPLZsu/Vk6Upo4yg+B443vxD+\nNWjUxrdRYFNPpF+2JsCA4Y8+VzxzFelbZbIzKwrxdmLjKLC8iBNW\n-----END RSA PRIVATE KEY-----\n",
                            "public_key_fingerprint_md5": "a8:be:2d:b8:c8:db:30:76:16:82:e9:39:bd:fe:9b:bf",
                            "public_key_openssh": "ssh-rsa AAAAB3NzaC1yc2EAAAADAQABAAABAQC1Qel5YfivC3Gpvi4dIPpTp0o9pBZDYuOHrCjkkJiUxalJKmSudBNv+EY3otGSbXdc9Y41lWNlhiZyORdHrK/WEiLXMvJvt+Xr24eRE9GVHywoptNXO42NpwLq8W9rHsLV8VvrdOKgE7KTSW1yJJf/2ZmrSUmFwVkcQcst0zGxTTPKeRIjWuTgL/72bz2UlTg/Xb7nbAvuUf5uhodSN2spBeMEsoSExSCFadESqZY0XNiWv78rDMgE4Uh4NWoUl/bQ9YB+gzrZFu9rLwKnShlfOK3ZGidmmGCrnJwBIqgwyOuXmUWbcVKdD1vbHTnwtDZue+b+Hlk1JsF2rGeAu7vt\n",
                            "public_key_pem": "-----BEGIN PUBLIC KEY-----\nMIIBIjANBgkqhkiG9w0BAQEFAAOCAQ8AMIIBCgKCAQEAtUHpeWH4rwtxqb4uHSD6\nU6dKPaQWQ2Ljh6wo5JCYlMWpSSpkrnQTb/hGN6LRkm13XPWONZVjZYYmcjkXR6yv\n1hIi1zLyb7fl69uHkRPRlR8sKKbTVzuNjacC6vFvax7C1fFb63TioBOyk0ltciSX\n/9mZq0lJhcFZHEHLLdMxsU0zynkSI1rk4C/+9m89lJU4P12+52wL7lH+boaHUjdr\nKQXjBLKEhMUghWnREqmWNFzYlr+/KwzIBOFIeDVqFJf20PWAfoM62Rbvay8Cp0oZ\nXzit2RonZphgq5ycASKoMMjrl5lFm3FSnQ9b2x058LQ2bnvm/h5ZNSbBdqxngLu7\n7QIDAQAB\n-----END PUBLIC KEY-----\n",
                            "rsa_bits": "2048"
                        },
                        "meta": {},
                        "tainted": false
                    },
                    "deposed": [],
                    "provider": "provider.tls"
                }
            },
            "depends_on": []
        }
    ]
}
